PODS:
  - GGGPUProject (0.0.1)
  - Masonry (1.0.2)

DEPENDENCIES:
  - GGGPUProject (from `/Users/morikou/work/MyGit/GGLibs/GGGPUProject`)
  - Masonry

EXTERNAL SOURCES:
  GGGPUProject:
    :path: /Users/morikou/work/MyGit/GGLibs/GGGPUProject

SPEC CHECKSUMS:
  GGGPUProject: c27a40b89f1499e513c5e994254324098be537f1
  Masonry: 7c429b56da9d4ee0bbb3ed77a5ea710d6a5df39e

PODFILE CHECKSUM: 7a7c1b82a900bef9b1c327cd231cf368a1c7b505

COCOAPODS: 1.2.0.beta.3
